
Microsoft Visual Studio Solution File, Format Version 12.00
# Visual Studio Version 16
VisualStudioVersion = 16.0.31911.196
MinimumVisualStudioVersion = 10.0.40219.1
Project("{9A19103F-16F7-4668-BE54-9A1E7A4F7556}") = "ToolRegFB", "ToolRegFB.csproj", "{1E66CEDA-FE28-4869-BD74-85846301C3D6}"
EndProject
Global
	GlobalSection(SolutionConfigurationPlatforms) = preSolution
		Debug|Any CPU = Debug|Any CPU
		Release|Any CPU = Release|Any CPU
	EndGlobalSection
	GlobalSection(ProjectConfigurationPlatforms) = postSolution
		{1E66CEDA-FE28-4869-BD74-85846301C3D6}.Debug|Any CPU.ActiveCfg = Debug|Any CPU
		{1E66CEDA-FE28-4869-BD74-85846301C3D6}.Debug|Any CPU.Build.0 = Debug|Any CPU
		{1E66CEDA-FE28-4869-BD74-85846301C3D6}.Release|Any CPU.ActiveCfg = Release|Any CPU
		{1E66CEDA-FE28-4869-BD74-85846301C3D6}.Release|Any CPU.Build.0 = Release|Any CPU
	EndGlobalSection
	GlobalSection(SolutionProperties) = preSolution
		HideSolutionNode = FALSE
	EndGlobalSection
	GlobalSection(ExtensibilityGlobals) = postSolution
		SolutionGuid = {67BD9BA4-26EB-4961-97E8-7CD1C466A4C7}
	EndGlobalSection
EndGlobal
